
Microsoft Visual Studio Solution File, Format Version 12.00
# Visual Studio 14
VisualStudioVersion = 14.0.25420.1
MinimumVisualStudioVersion = 10.0.40219.1
Project("{FAE04EC0-301F-11D3-BF4B-00C04F79EFBC}") = "Hawkeye_IPSetup", "Hawkeye_IPSetup\Hawkeye_IPSetup.csproj", "{FEA435FA-1BA2-4A15-BB30-088AE0B526CE}"
EndProject
Global
	GlobalSection(SolutionConfigurationPlatforms) = preSolution
		Debug|Any CPU = Debug|Any CPU
		Release|Any CPU = Release|Any CPU
	EndGlobalSection
	GlobalSection(ProjectConfigurationPlatforms) = postSolution
		{FEA435FA-1BA2-4A15-BB30-088AE0B526CE}.Debug|Any CPU.ActiveCfg = Debug|Any CPU
		{FEA435FA-1BA2-4A15-BB30-088AE0B526CE}.Debug|Any CPU.Build.0 = Debug|Any CPU
		{FEA435FA-1BA2-4A15-BB30-088AE0B526CE}.Release|Any CPU.ActiveCfg = Release|Any CPU
		{FEA435FA-1BA2-4A15-BB30-088AE0B526CE}.Release|Any CPU.Build.0 = Release|Any CPU
	EndGlobalSection
	GlobalSection(SolutionProperties) = preSolution
		HideSolutionNode = FALSE
	EndGlobalSection
EndGlobal
